
Microsoft Visual Studio Solution File, Format Version 12.00
# Visual Studio Version 17
VisualStudioVersion = 17.2.32630.192
MinimumVisualStudioVersion = 10.0.40219.1
Project("{FAE04EC0-301F-11D3-BF4B-00C04F79EFBC}") = "lab ferhad m2", "lab ferhad m2\lab ferhad m2.csproj", "{8A103689-0428-450A-8E5F-E446266E8EC8}"
EndProject
Global
	GlobalSection(SolutionConfigurationPlatforms) = preSolution
		Debug|Any CPU = Debug|Any CPU
		Release|Any CPU = Release|Any CPU
	EndGlobalSection
	GlobalSection(ProjectConfigurationPlatforms) = postSolution
		{8A103689-0428-450A-8E5F-E446266E8EC8}.Debug|Any CPU.ActiveCfg = Debug|Any CPU
		{8A103689-0428-450A-8E5F-E446266E8EC8}.Debug|Any CPU.Build.0 = Debug|Any CPU
		{8A103689-0428-450A-8E5F-E446266E8EC8}.Release|Any CPU.ActiveCfg = Release|Any CPU
		{8A103689-0428-450A-8E5F-E446266E8EC8}.Release|Any CPU.Build.0 = Release|Any CPU
	EndGlobalSection
	GlobalSection(SolutionProperties) = preSolution
		HideSolutionNode = FALSE
	EndGlobalSection
	GlobalSection(ExtensibilityGlobals) = postSolution
		SolutionGuid = {C482240F-F48D-48E7-AE9A-1AD27E8CA2CE}
	EndGlobalSection
EndGlobal
