
Microsoft Visual Studio Solution File, Format Version 12.00
# Visual Studio Version 17
VisualStudioVersion = 17.2.32630.192
MinimumVisualStudioVersion = 10.0.40219.1
Project("{FAE04EC0-301F-11D3-BF4B-00C04F79EFBC}") = "to send txt file", "to send txt file\to send txt file.csproj", "{6DDD19C0-E955-4141-8BA2-57C239839685}"
EndProject
Global
	GlobalSection(SolutionConfigurationPlatforms) = preSolution
		Debug|Any CPU = Debug|Any CPU
		Release|Any CPU = Release|Any CPU
	EndGlobalSection
	GlobalSection(ProjectConfigurationPlatforms) = postSolution
		{6DDD19C0-E955-4141-8BA2-57C239839685}.Debug|Any CPU.ActiveCfg = Debug|Any CPU
		{6DDD19C0-E955-4141-8BA2-57C239839685}.Debug|Any CPU.Build.0 = Debug|Any CPU
		{6DDD19C0-E955-4141-8BA2-57C239839685}.Release|Any CPU.ActiveCfg = Release|Any CPU
		{6DDD19C0-E955-4141-8BA2-57C239839685}.Release|Any CPU.Build.0 = Release|Any CPU
	EndGlobalSection
	GlobalSection(SolutionProperties) = preSolution
		HideSolutionNode = FALSE
	EndGlobalSection
	GlobalSection(ExtensibilityGlobals) = postSolution
		SolutionGuid = {549373C6-7260-4EFF-9A4E-9A80A01CDA67}
	EndGlobalSection
EndGlobal
