
Microsoft Visual Studio Solution File, Format Version 12.00
# Visual Studio Version 17
VisualStudioVersion = 17.2.32630.192
MinimumVisualStudioVersion = 10.0.40219.1
Project("{FAE04EC0-301F-11D3-BF4B-00C04F79EFBC}") = "ConsoleApp39", "ConsoleApp39\ConsoleApp39.csproj", "{1001B0C1-5EB2-48E7-9798-BFFCE641866F}"
EndProject
Global
	GlobalSection(SolutionConfigurationPlatforms) = preSolution
		Debug|Any CPU = Debug|Any CPU
		Release|Any CPU = Release|Any CPU
	EndGlobalSection
	GlobalSection(ProjectConfigurationPlatforms) = postSolution
		{1001B0C1-5EB2-48E7-9798-BFFCE641866F}.Debug|Any CPU.ActiveCfg = Debug|Any CPU
		{1001B0C1-5EB2-48E7-9798-BFFCE641866F}.Debug|Any CPU.Build.0 = Debug|Any CPU
		{1001B0C1-5EB2-48E7-9798-BFFCE641866F}.Release|Any CPU.ActiveCfg = Release|Any CPU
		{1001B0C1-5EB2-48E7-9798-BFFCE641866F}.Release|Any CPU.Build.0 = Release|Any CPU
	EndGlobalSection
	GlobalSection(SolutionProperties) = preSolution
		HideSolutionNode = FALSE
	EndGlobalSection
	GlobalSection(ExtensibilityGlobals) = postSolution
		SolutionGuid = {B8C1F2D8-70FA-4861-AF36-9D2C9C616C99}
	EndGlobalSection
EndGlobal
